
Microsoft Visual Studio Solution File, Format Version 12.00
# Visual Studio Version 17
VisualStudioVersion = 17.9.34526.213
MinimumVisualStudioVersion = 10.0.40219.1
Project("{FAE04EC0-301F-11D3-BF4B-00C04F79EFBC}") = "Urok2_Practica", "Urok2_Practica.csproj", "{201D4DD7-3B74-40C4-8E5D-EE6B85F0918F}"
EndProject
Global
	GlobalSection(SolutionConfigurationPlatforms) = preSolution
		Debug|Any CPU = Debug|Any CPU
		Release|Any CPU = Release|Any CPU
	EndGlobalSection
	GlobalSection(ProjectConfigurationPlatforms) = postSolution
		{201D4DD7-3B74-40C4-8E5D-EE6B85F0918F}.Debug|Any CPU.ActiveCfg = Debug|Any CPU
		{201D4DD7-3B74-40C4-8E5D-EE6B85F0918F}.Debug|Any CPU.Build.0 = Debug|Any CPU
		{201D4DD7-3B74-40C4-8E5D-EE6B85F0918F}.Release|Any CPU.ActiveCfg = Release|Any CPU
		{201D4DD7-3B74-40C4-8E5D-EE6B85F0918F}.Release|Any CPU.Build.0 = Release|Any CPU
	EndGlobalSection
	GlobalSection(SolutionProperties) = preSolution
		HideSolutionNode = FALSE
	EndGlobalSection
	GlobalSection(ExtensibilityGlobals) = postSolution
		SolutionGuid = {16303B2F-98C8-49FB-9414-8FD8B63A34A7}
	EndGlobalSection
EndGlobal
